
Microsoft Visual Studio Solution File, Format Version 12.00
# Visual Studio Version 17
VisualStudioVersion = 17.7.34031.279
MinimumVisualStudioVersion = 10.0.40219.1
Project("{FAE04EC0-301F-11D3-BF4B-00C04F79EFBC}") = "project", "project\project.csproj", "{D30118F2-F7BD-44D9-B197-A8C5C152845A}"
EndProject
Global
	GlobalSection(SolutionConfigurationPlatforms) = preSolution
		Debug|Any CPU = Debug|Any CPU
		Release|Any CPU = Release|Any CPU
	EndGlobalSection
	GlobalSection(ProjectConfigurationPlatforms) = postSolution
		{D30118F2-F7BD-44D9-B197-A8C5C152845A}.Debug|Any CPU.ActiveCfg = Debug|Any CPU
		{D30118F2-F7BD-44D9-B197-A8C5C152845A}.Debug|Any CPU.Build.0 = Debug|Any CPU
		{D30118F2-F7BD-44D9-B197-A8C5C152845A}.Release|Any CPU.ActiveCfg = Release|Any CPU
		{D30118F2-F7BD-44D9-B197-A8C5C152845A}.Release|Any CPU.Build.0 = Release|Any CPU
	EndGlobalSection
	GlobalSection(SolutionProperties) = preSolution
		HideSolutionNode = FALSE
	EndGlobalSection
	GlobalSection(ExtensibilityGlobals) = postSolution
		SolutionGuid = {0A1BD411-D9D4-409F-A329-C362627FB345}
	EndGlobalSection
EndGlobal
